<?xml version="1.0" encoding="utf-8"?>
<Project ToolsVersion="4.0" xmlns="http://schemas.microsoft.com/developer/msbuild/2003">
  <ItemGroup>
    <ClCompile Include="$(MSBuildThisFileDirectory)Source\GamePCH.cpp">
      <Filter>Source</Filter>
    </ClCompile>
    <ClCompile Include="$(MSBuildThisFileDirectory)Source\Game\Game.cpp">
      <Filter>Source\Game</Filter>
    </ClCompile>
    <ClCompile Include="$(MSBuildThisFileDirectory)Source\Mesh\Mesh.cpp">
      <Filter>Source\Mesh</Filter>
    </ClCompile>
    <ClCompile Include="$(MSBuildThisFileDirectory)Source\GameObjects\Player.cpp">
      <Filter>Source\GameObjects</Filter>
    </ClCompile>
    <ClCompile Include="$(MSBuildThisFileDirectory)Source\ImageManager\ImageManager.cpp">
      <Filter>Source\ImageManager</Filter>
    </ClCompile>
    <ClCompile Include="$(MSBuildThisFileDirectory)Source\ImageManager\SpriteDataStructures.cpp">
      <Filter>Source\ImageManager</Filter>
    </ClCompile>
    <ClCompile Include="$(MSBuildThisFileDirectory)Source\Timer\Timer.cpp">
      <Filter>Source\Timer</Filter>
    </ClCompile>
    <ClCompile Include="$(MSBuildThisFileDirectory)Source\Level\Level.cpp">
      <Filter>Source\GameObjects\Level</Filter>
    </ClCompile>
    <ClCompile Include="$(MSBuildThisFileDirectory)Source\GameObjects\AnimatedObject.cpp">
      <Filter>Source\GameObjects\Base Objects</Filter>
    </ClCompile>
    <ClCompile Include="$(MSBuildThisFileDirectory)Source\GameObjects\AtlasObject.cpp">
      <Filter>Source\GameObjects\Base Objects</Filter>
    </ClCompile>
    <ClCompile Include="$(MSBuildThisFileDirectory)Source\GameObjects\GameObject.cpp">
      <Filter>Source\GameObjects\Base Objects</Filter>
    </ClCompile>
    <ClCompile Include="$(MSBuildThisFileDirectory)Source\GameObjects\TexutreObject.cpp">
      <Filter>Source\GameObjects\Base Objects</Filter>
    </ClCompile>
    <ClCompile Include="$(MSBuildThisFileDirectory)Source\GameObjects\PlayerController.cpp">
      <Filter>Source\GameObjects\Controller</Filter>
    </ClCompile>
    <ClCompile Include="$(MSBuildThisFileDirectory)Source\GameObjects\Level Objects\Environment\Tile.cpp">
      <Filter>Source\GameObjects\Level Objects\Environment</Filter>
    </ClCompile>
    <ClCompile Include="$(MSBuildThisFileDirectory)Source\GameObjects\Level Objects\Enemies\Enemy.cpp">
      <Filter>Source\GameObjects\Level Objects\Enemies</Filter>
    </ClCompile>
    <ClCompile Include="$(MSBuildThisFileDirectory)Source\GameObjects\Level Objects\Environment\Wall.cpp">
      <Filter>Source\GameObjects\Level Objects\Environment</Filter>
    </ClCompile>
    <ClCompile Include="$(MSBuildThisFileDirectory)Source\AI Patterns\AI_Patterns.cpp">
      <Filter>Source\AI Patterns</Filter>
    </ClCompile>
    <ClCompile Include="$(MSBuildThisFileDirectory)Source\GameObjects\Level Objects\Enemies\Slime.cpp">
      <Filter>Source\GameObjects\Level Objects\Enemies</Filter>
    </ClCompile>
    <ClCompile Include="$(MSBuildThisFileDirectory)Source\AudioManager\AudioManager.cpp">
      <Filter>Source\AudioManager</Filter>
    </ClCompile>
    <ClCompile Include="$(MSBuildThisFileDirectory)Source\AudioManager\AudioDataStructures.cpp">
      <Filter>Source\AudioManager</Filter>
    </ClCompile>
    <ClCompile Include="$(MSBuildThisFileDirectory)Source\AudioManager\AudioEngine.cpp">
      <Filter>Source\AudioManager</Filter>
    </ClCompile>
  </ItemGroup>
  <ItemGroup>
    <ClInclude Include="$(MSBuildThisFileDirectory)Source\GamePCH.h">
      <Filter>Source</Filter>
    </ClInclude>
    <ClInclude Include="$(MSBuildThisFileDirectory)Source\Game\Game.h">
      <Filter>Source\Game</Filter>
    </ClInclude>
    <ClInclude Include="$(MSBuildThisFileDirectory)Source\Mesh\Mesh.h">
      <Filter>Source\Mesh</Filter>
    </ClInclude>
    <ClInclude Include="$(MSBuildThisFileDirectory)Source\GameObjects\Player.h">
      <Filter>Source\GameObjects</Filter>
    </ClInclude>
    <ClInclude Include="$(MSBuildThisFileDirectory)Source\ImageManager\ImageManager.h">
      <Filter>Source\ImageManager</Filter>
    </ClInclude>
    <ClInclude Include="$(MSBuildThisFileDirectory)Source\Game\Game_Consts.h">
      <Filter>Source\Game</Filter>
    </ClInclude>
    <ClInclude Include="$(MSBuildThisFileDirectory)Source\ImageManager\SpriteDataStructures.h">
      <Filter>Source\ImageManager</Filter>
    </ClInclude>
    <ClInclude Include="$(MSBuildThisFileDirectory)Source\Timer\Timer.h">
      <Filter>Source\Timer</Filter>
    </ClInclude>
    <ClInclude Include="$(MSBuildThisFileDirectory)Source\Level\Level.h">
      <Filter>Source\GameObjects\Level</Filter>
    </ClInclude>
    <ClInclude Include="$(MSBuildThisFileDirectory)Source\GameObjects\AnimatedObject.h">
      <Filter>Source\GameObjects\Base Objects</Filter>
    </ClInclude>
    <ClInclude Include="$(MSBuildThisFileDirectory)Source\GameObjects\AtlasObject.h">
      <Filter>Source\GameObjects\Base Objects</Filter>
    </ClInclude>
    <ClInclude Include="$(MSBuildThisFileDirectory)Source\GameObjects\GameObject.h">
      <Filter>Source\GameObjects\Base Objects</Filter>
    </ClInclude>
    <ClInclude Include="$(MSBuildThisFileDirectory)Source\GameObjects\TexutreObject.h">
      <Filter>Source\GameObjects\Base Objects</Filter>
    </ClInclude>
    <ClInclude Include="$(MSBuildThisFileDirectory)Source\GameObjects\PlayerController.h">
      <Filter>Source\GameObjects\Controller</Filter>
    </ClInclude>
    <ClInclude Include="$(MSBuildThisFileDirectory)Source\GameObjects\Level Objects\Environment\Tile.h">
      <Filter>Source\GameObjects\Level Objects\Environment</Filter>
    </ClInclude>
    <ClInclude Include="$(MSBuildThisFileDirectory)Source\GameObjects\Level Objects\Enemies\Enemy.h">
      <Filter>Source\GameObjects\Level Objects\Enemies</Filter>
    </ClInclude>
    <ClInclude Include="$(MSBuildThisFileDirectory)Source\GameObjects\Level Objects\Environment\Wall.h">
      <Filter>Source\GameObjects\Level Objects\Environment</Filter>
    </ClInclude>
    <ClInclude Include="$(MSBuildThisFileDirectory)Source\AI Patterns\AI_Patterns.h">
      <Filter>Source\AI Patterns</Filter>
    </ClInclude>
    <ClInclude Include="$(MSBuildThisFileDirectory)Source\GameObjects\Level Objects\Enemies\Slime.h">
      <Filter>Source\GameObjects\Level Objects\Enemies</Filter>
    </ClInclude>
    <ClInclude Include="$(MSBuildThisFileDirectory)Source\AudioManager\AudioManager.h">
      <Filter>Source\AudioManager</Filter>
    </ClInclude>
    <ClInclude Include="D:\ALGONQUIN\Game And Graphics Assignments\A2\Game\Source\AudioManager\AudioDataStructures.h">
      <Filter>Source\AudioManager</Filter>
    </ClInclude>
    <ClInclude Include="$(MSBuildThisFileDirectory)Source\AudioManager\AudioEngine.h">
      <Filter>Source\AudioManager</Filter>
    </ClInclude>
  </ItemGroup>
  <ItemGroup>
    <Filter Include="Data">
      <UniqueIdentifier>{c793aa77-1210-4e59-9925-4a71367b3b35}</UniqueIdentifier>
    </Filter>
    <Filter Include="Data\Shaders">
      <UniqueIdentifier>{5d66ae9e-89b9-400f-a379-e5176b7b7f78}</UniqueIdentifier>
    </Filter>
    <Filter Include="Source">
      <UniqueIdentifier>{9f74afd4-f513-4aaf-a6be-624326236288}</UniqueIdentifier>
    </Filter>
    <Filter Include="Source\Game">
      <UniqueIdentifier>{617175d8-08e5-4be8-82ec-e3f1163403f3}</UniqueIdentifier>
    </Filter>
    <Filter Include="Source\GameObjects">
      <UniqueIdentifier>{09d079c9-e37f-46f2-82bd-ff6e2269bace}</UniqueIdentifier>
    </Filter>
    <Filter Include="Source\ImageManager">
      <UniqueIdentifier>{1d88fbd3-5c55-4874-b09b-d2d3d34c2f42}</UniqueIdentifier>
    </Filter>
    <Filter Include="Source\Mesh">
      <UniqueIdentifier>{10a6275b-242b-42ae-b975-117a759fcea9}</UniqueIdentifier>
    </Filter>
    <Filter Include="Source\Timer">
      <UniqueIdentifier>{87a1a4b9-999f-4e9e-9c7a-8480aedb08df}</UniqueIdentifier>
    </Filter>
    <Filter Include="Source\GameObjects\Base Objects">
      <UniqueIdentifier>{f514414b-cdad-4052-b5c0-ba7a6f22c914}</UniqueIdentifier>
    </Filter>
    <Filter Include="Source\GameObjects\Controller">
      <UniqueIdentifier>{60409076-9a60-4588-912d-cdd3bcb417d3}</UniqueIdentifier>
    </Filter>
    <Filter Include="Source\GameObjects\Level Objects">
      <UniqueIdentifier>{d5718ef2-8009-4fbc-b42d-e7c5ae8622ff}</UniqueIdentifier>
    </Filter>
    <Filter Include="Source\GameObjects\Level Objects\Environment">
      <UniqueIdentifier>{53221a6e-61f8-43ce-9d0b-ba85ce72c6cd}</UniqueIdentifier>
    </Filter>
    <Filter Include="Source\GameObjects\Level Objects\Enemies">
      <UniqueIdentifier>{d8abefa0-41aa-46a6-8e11-88eb5c5ddd99}</UniqueIdentifier>
    </Filter>
    <Filter Include="Source\GameObjects\Level">
      <UniqueIdentifier>{0514ed1a-bf2e-4497-874b-f76e90bb0bf4}</UniqueIdentifier>
    </Filter>
    <Filter Include="Source\AI Patterns">
      <UniqueIdentifier>{247a583c-cff8-41ac-b3cb-4c5f36b64214}</UniqueIdentifier>
    </Filter>
    <Filter Include="Source\AudioManager">
      <UniqueIdentifier>{6d3e2b6f-391b-4310-856e-fbb788c1c2a1}</UniqueIdentifier>
    </Filter>
  </ItemGroup>
  <ItemGroup>
    <None Include="$(MSBuildThisFileDirectory)Data\Shaders\Color.frag">
      <Filter>Data\Shaders</Filter>
    </None>
    <None Include="$(MSBuildThisFileDirectory)Data\Shaders\Color.vert">
      <Filter>Data\Shaders</Filter>
    </None>
    <None Include="$(MSBuildThisFileDirectory)Data\Shaders\Moving.frag">
      <Filter>Data\Shaders</Filter>
    </None>
    <None Include="$(MSBuildThisFileDirectory)Data\Shaders\Moving.vert">
      <Filter>Data\Shaders</Filter>
    </None>
  </ItemGroup>
  <ItemGroup>
    <Text Include="$(MSBuildThisFileDirectory)..\readme.txt">
      <Filter>Source</Filter>
    </Text>
  </ItemGroup>
</Project>